{
  "name": "ctgu-qmx-open-harmony",
  "lockfileVersion": 2,
  "requires": true,
  "packages": {
    "": {
      "dependencies": {
        "@ohos/lottieETS": "^1.0.3"
      }
    },
    "node_modules/@ohos/lottieETS": {
      "version": "1.0.3",
      "resolved": "https://repo.harmonyos.com/npm/@ohos/lottieETS/-/@ohos/lottieETS-1.0.3.tgz",
      "integrity": "sha512-rA9GsLd2MVxHxTYC8VsNbD7ss5b4/03ZqLHYKUWBd005ojkv7UJxAY6UusL3qMuIBOrO0Mrv+V8h2l6bPn8a3g==",
      "license": "MIT"
    }
  },
  "dependencies": {
    "@ohos/lottieETS": {
      "version": "1.0.3",
      "resolved": "https://repo.harmonyos.com/npm/@ohos/lottieETS/-/@ohos/lottieETS-1.0.3.tgz",
      "integrity": "sha512-rA9GsLd2MVxHxTYC8VsNbD7ss5b4/03ZqLHYKUWBd005ojkv7UJxAY6UusL3qMuIBOrO0Mrv+V8h2l6bPn8a3g=="
    }
  }
}
